Microsoft Visual Studio Solution File, Format Version 12.00
# Visual Studio Version 17
VisualStudioVersion = 17.5.2.0
MinimumVisualStudioVersion = 10.0.40219.1
Project("{FAE04EC0-301F-11D3-BF4B-00C04F79EFBC}") = "Tour_Management_.Net-8", "Tour_Management_.Net-8.csproj", "{70DCD619-B09B-1288-425A-C940386C3D98}"
EndProject
Global
	GlobalSection(SolutionConfigurationPlatforms) = preSolution
		Debug|Any CPU = Debug|Any CPU
		Release|Any CPU = Release|Any CPU
	EndGlobalSection
	GlobalSection(ProjectConfigurationPlatforms) = postSolution
		{70DCD619-B09B-1288-425A-C940386C3D98}.Debug|Any CPU.ActiveCfg = Debug|Any CPU
		{70DCD619-B09B-1288-425A-C940386C3D98}.Debug|Any CPU.Build.0 = Debug|Any CPU
		{70DCD619-B09B-1288-425A-C940386C3D98}.Release|Any CPU.ActiveCfg = Release|Any CPU
		{70DCD619-B09B-1288-425A-C940386C3D98}.Release|Any CPU.Build.0 = Release|Any CPU
	EndGlobalSection
	GlobalSection(SolutionProperties) = preSolution
		HideSolutionNode = FALSE
	EndGlobalSection
	GlobalSection(ExtensibilityGlobals) = postSolution
		SolutionGuid = {05DEAB54-2549-42FD-9512-774ECC00A0DC}
	EndGlobalSection
EndGlobal
